
Microsoft Visual Studio Solution File, Format Version 12.00
# Visual Studio 15
VisualStudioVersion = 15.0.26730.10
MinimumVisualStudioVersion = 10.0.40219.1
Project("{F184B08F-C81C-45F6-A57F-5ABD9991F28F}") = "tutorial2", "tutorial2\tutorial2.vbproj", "{F56E938A-3C0E-42B6-A57B-8E8747F9E9DA}"
EndProject
Global
	GlobalSection(SolutionConfigurationPlatforms) = preSolution
		Debug|Any CPU = Debug|Any CPU
		Release|Any CPU = Release|Any CPU
	EndGlobalSection
	GlobalSection(ProjectConfigurationPlatforms) = postSolution
		{F56E938A-3C0E-42B6-A57B-8E8747F9E9DA}.Debug|Any CPU.ActiveCfg = Debug|Any CPU
		{F56E938A-3C0E-42B6-A57B-8E8747F9E9DA}.Debug|Any CPU.Build.0 = Debug|Any CPU
		{F56E938A-3C0E-42B6-A57B-8E8747F9E9DA}.Release|Any CPU.ActiveCfg = Release|Any CPU
		{F56E938A-3C0E-42B6-A57B-8E8747F9E9DA}.Release|Any CPU.Build.0 = Release|Any CPU
	EndGlobalSection
	GlobalSection(SolutionProperties) = preSolution
		HideSolutionNode = FALSE
	EndGlobalSection
	GlobalSection(ExtensibilityGlobals) = postSolution
		SolutionGuid = {A38F3F7E-CD1F-40D5-9D95-0F2A5449ED72}
	EndGlobalSection
EndGlobal
